<Solution>
  <Folder Name="/src/">
    <Project Path="src/ManualForge.Cli/ManualForge.Cli.csproj" />
    <Project Path="src/ManualForge.Core/ManualForge.Core.csproj" />
  </Folder>
  <Folder Name="/tests/">
    <Project Path="tests/ManualForge.Core.Tests/ManualForge.Core.Tests.csproj" />
  </Folder>
</Solution>
